
Microsoft Visual Studio Solution File, Format Version 12.00
Project("{FAE04EC0-301F-11D3-BF4B-00C04F79EFBC}") = "CTXConstruction", "CTXConstruction\CTXConstruction.csproj", "{7730CEBB-D2FF-4B58-9C85-B13DEA3E5754}"
EndProject
Project("{FAE04EC0-301F-11D3-BF4B-00C04F79EFBC}") = "CTXConstructionTests", "CTXConstructionTests\CTXConstructionTests.csproj", "{B03D28A0-2757-47F7-89A6-0E53891326C9}"
EndProject
Global
	GlobalSection(SolutionConfigurationPlatforms) = preSolution
		Debug|Any CPU = Debug|Any CPU
		Release|Any CPU = Release|Any CPU
	EndGlobalSection
	GlobalSection(ProjectConfigurationPlatforms) = postSolution
		{7730CEBB-D2FF-4B58-9C85-B13DEA3E5754}.Debug|Any CPU.ActiveCfg = Debug|Any CPU
		{7730CEBB-D2FF-4B58-9C85-B13DEA3E5754}.Debug|Any CPU.Build.0 = Debug|Any CPU
		{7730CEBB-D2FF-4B58-9C85-B13DEA3E5754}.Release|Any CPU.ActiveCfg = Release|Any CPU
		{7730CEBB-D2FF-4B58-9C85-B13DEA3E5754}.Release|Any CPU.Build.0 = Release|Any CPU
		{B03D28A0-2757-47F7-89A6-0E53891326C9}.Debug|Any CPU.ActiveCfg = Debug|Any CPU
		{B03D28A0-2757-47F7-89A6-0E53891326C9}.Debug|Any CPU.Build.0 = Debug|Any CPU
		{B03D28A0-2757-47F7-89A6-0E53891326C9}.Release|Any CPU.ActiveCfg = Release|Any CPU
		{B03D28A0-2757-47F7-89A6-0E53891326C9}.Release|Any CPU.Build.0 = Release|Any CPU
	EndGlobalSection
EndGlobal
